
Microsoft Visual Studio Solution File, Format Version 12.00
# Visual Studio Version 17
VisualStudioVersion = 17.1.32421.90
MinimumVisualStudioVersion = 10.0.40219.1
Project("{FAE04EC0-301F-11D3-BF4B-00C04F79EFBC}") = "SernaSistemas.Jadet.Tests", "SernaSistemas.Jadet.Tests\SernaSistemas.Jadet.Tests.csproj", "{1D958918-5ACB-4AFC-95BD-1962B6A5F9ED}"
EndProject
Project("{FAE04EC0-301F-11D3-BF4B-00C04F79EFBC}") = "Jadet", "Jadet\Jadet.csproj", "{CF847217-6F98-4855-A349-FC457FF00043}"
	ProjectSection(ProjectDependencies) = postProject
		{00D3A9FB-837B-40EF-BC14-7FB6C9541A85} = {00D3A9FB-837B-40EF-BC14-7FB6C9541A85}
	EndProjectSection
EndProject
Project("{FAE04EC0-301F-11D3-BF4B-00C04F79EFBC}") = "SernaSistemas.Jadet.WCF", "SernaSistemas.Jadet.WCF\SernaSistemas.Jadet.WCF.csproj", "{00D3A9FB-837B-40EF-BC14-7FB6C9541A85}"
EndProject
Project("{FAE04EC0-301F-11D3-BF4B-00C04F79EFBC}") = "SernaSistemas.Jadet.DataAccess", "SernaSistemas.Jadet.DataAccess\SernaSistemas.Jadet.DataAccess.csproj", "{6DEEB81F-932D-465B-BB44-9265731248B4}"
EndProject
Project("{2150E333-8FDC-42A3-9474-1A3956D46DE8}") = "0. Data", "0. Data", "{C170510F-BBD1-4129-8ADB-EFDD03BE7FCF}"
EndProject
Project("{2150E333-8FDC-42A3-9474-1A3956D46DE8}") = "2. Servicios", "2. Servicios", "{0A985CF2-B294-4090-A50B-5B03D72AFE1F}"
EndProject
Project("{2150E333-8FDC-42A3-9474-1A3956D46DE8}") = "1. BusinessLogic", "1. BusinessLogic", "{CBED82E6-C8F3-4CE9-A3B6-01321DE55D08}"
EndProject
Project("{2150E333-8FDC-42A3-9474-1A3956D46DE8}") = "3. UI", "3. UI", "{7117169D-1B7F-4577-80EF-DCB958AD3D55}"
EndProject
Project("{2150E333-8FDC-42A3-9474-1A3956D46DE8}") = "4. Tests", "4. Tests", "{491A9586-00BD-4191-83F7-12B4C07D18CB}"
EndProject
Project("{9A19103F-16F7-4668-BE54-9A1E7A4F7556}") = "SernaSistemas.Jadet.BLogic", "SernaSistemas.Jadet.BLogic\SernaSistemas.Jadet.BLogic.csproj", "{C28C28D6-BD51-423E-8890-6DD20E2D8E0E}"
EndProject
Project("{9A19103F-16F7-4668-BE54-9A1E7A4F7556}") = "SernaSistemas.Jadet.Comun", "SernaSistemas.Jadet.Comun\SernaSistemas.Jadet.Comun.csproj", "{FDEA6FED-A3D1-42BB-82D1-E9003B855AA4}"
EndProject
Project("{FAE04EC0-301F-11D3-BF4B-00C04F79EFBC}") = "SernaSistemas.Jadet.API", "SernaSistemas.Jadet.API\SernaSistemas.Jadet.API.csproj", "{6F4C754D-84A3-462C-87EE-CD5740212292}"
EndProject
Project("{FAE04EC0-301F-11D3-BF4B-00C04F79EFBC}") = "SernaSistemas.Jadet.Data", "SernaSistemas.Jadet.Data\SernaSistemas.Jadet.Data.csproj", "{E19E172E-FFEB-4825-B773-D0AFCFF713A9}"
EndProject
Project("{2150E333-8FDC-42A3-9474-1A3956D46DE8}") = "Legacy", "Legacy", "{CB42BB65-5187-4B69-9B71-74FE1FF42DA0}"
EndProject
Global
	GlobalSection(SolutionConfigurationPlatforms) = preSolution
		Debug|Any CPU = Debug|Any CPU
		Release|Any CPU = Release|Any CPU
	EndGlobalSection
	GlobalSection(ProjectConfigurationPlatforms) = postSolution
		{1D958918-5ACB-4AFC-95BD-1962B6A5F9ED}.Debug|Any CPU.ActiveCfg = Debug|Any CPU
		{1D958918-5ACB-4AFC-95BD-1962B6A5F9ED}.Debug|Any CPU.Build.0 = Debug|Any CPU
		{1D958918-5ACB-4AFC-95BD-1962B6A5F9ED}.Release|Any CPU.ActiveCfg = Release|Any CPU
		{1D958918-5ACB-4AFC-95BD-1962B6A5F9ED}.Release|Any CPU.Build.0 = Release|Any CPU
		{CF847217-6F98-4855-A349-FC457FF00043}.Debug|Any CPU.ActiveCfg = Debug|Any CPU
		{CF847217-6F98-4855-A349-FC457FF00043}.Debug|Any CPU.Build.0 = Debug|Any CPU
		{CF847217-6F98-4855-A349-FC457FF00043}.Release|Any CPU.ActiveCfg = Release|Any CPU
		{CF847217-6F98-4855-A349-FC457FF00043}.Release|Any CPU.Build.0 = Release|Any CPU
		{00D3A9FB-837B-40EF-BC14-7FB6C9541A85}.Debug|Any CPU.ActiveCfg = Debug|Any CPU
		{00D3A9FB-837B-40EF-BC14-7FB6C9541A85}.Debug|Any CPU.Build.0 = Debug|Any CPU
		{00D3A9FB-837B-40EF-BC14-7FB6C9541A85}.Release|Any CPU.ActiveCfg = Release|Any CPU
		{00D3A9FB-837B-40EF-BC14-7FB6C9541A85}.Release|Any CPU.Build.0 = Release|Any CPU
		{6DEEB81F-932D-465B-BB44-9265731248B4}.Debug|Any CPU.ActiveCfg = Debug|Any CPU
		{6DEEB81F-932D-465B-BB44-9265731248B4}.Debug|Any CPU.Build.0 = Debug|Any CPU
		{6DEEB81F-932D-465B-BB44-9265731248B4}.Release|Any CPU.ActiveCfg = Release|Any CPU
		{6DEEB81F-932D-465B-BB44-9265731248B4}.Release|Any CPU.Build.0 = Release|Any CPU
		{C28C28D6-BD51-423E-8890-6DD20E2D8E0E}.Debug|Any CPU.ActiveCfg = Debug|Any CPU
		{C28C28D6-BD51-423E-8890-6DD20E2D8E0E}.Debug|Any CPU.Build.0 = Debug|Any CPU
		{C28C28D6-BD51-423E-8890-6DD20E2D8E0E}.Release|Any CPU.ActiveCfg = Release|Any CPU
		{C28C28D6-BD51-423E-8890-6DD20E2D8E0E}.Release|Any CPU.Build.0 = Release|Any CPU
		{FDEA6FED-A3D1-42BB-82D1-E9003B855AA4}.Debug|Any CPU.ActiveCfg = Debug|Any CPU
		{FDEA6FED-A3D1-42BB-82D1-E9003B855AA4}.Debug|Any CPU.Build.0 = Debug|Any CPU
		{FDEA6FED-A3D1-42BB-82D1-E9003B855AA4}.Release|Any CPU.ActiveCfg = Release|Any CPU
		{FDEA6FED-A3D1-42BB-82D1-E9003B855AA4}.Release|Any CPU.Build.0 = Release|Any CPU
		{6F4C754D-84A3-462C-87EE-CD5740212292}.Debug|Any CPU.ActiveCfg = Debug|Any CPU
		{6F4C754D-84A3-462C-87EE-CD5740212292}.Debug|Any CPU.Build.0 = Debug|Any CPU
		{6F4C754D-84A3-462C-87EE-CD5740212292}.Release|Any CPU.ActiveCfg = Release|Any CPU
		{6F4C754D-84A3-462C-87EE-CD5740212292}.Release|Any CPU.Build.0 = Release|Any CPU
		{E19E172E-FFEB-4825-B773-D0AFCFF713A9}.Debug|Any CPU.ActiveCfg = Debug|Any CPU
		{E19E172E-FFEB-4825-B773-D0AFCFF713A9}.Debug|Any CPU.Build.0 = Debug|Any CPU
		{E19E172E-FFEB-4825-B773-D0AFCFF713A9}.Release|Any CPU.ActiveCfg = Release|Any CPU
		{E19E172E-FFEB-4825-B773-D0AFCFF713A9}.Release|Any CPU.Build.0 = Release|Any CPU
	EndGlobalSection
	GlobalSection(SolutionProperties) = preSolution
		HideSolutionNode = FALSE
	EndGlobalSection
	GlobalSection(NestedProjects) = preSolution
		{1D958918-5ACB-4AFC-95BD-1962B6A5F9ED} = {491A9586-00BD-4191-83F7-12B4C07D18CB}
		{CF847217-6F98-4855-A349-FC457FF00043} = {7117169D-1B7F-4577-80EF-DCB958AD3D55}
		{00D3A9FB-837B-40EF-BC14-7FB6C9541A85} = {0A985CF2-B294-4090-A50B-5B03D72AFE1F}
		{6DEEB81F-932D-465B-BB44-9265731248B4} = {CB42BB65-5187-4B69-9B71-74FE1FF42DA0}
		{C28C28D6-BD51-423E-8890-6DD20E2D8E0E} = {CBED82E6-C8F3-4CE9-A3B6-01321DE55D08}
		{FDEA6FED-A3D1-42BB-82D1-E9003B855AA4} = {CBED82E6-C8F3-4CE9-A3B6-01321DE55D08}
		{6F4C754D-84A3-462C-87EE-CD5740212292} = {0A985CF2-B294-4090-A50B-5B03D72AFE1F}
		{E19E172E-FFEB-4825-B773-D0AFCFF713A9} = {C170510F-BBD1-4129-8ADB-EFDD03BE7FCF}
		{CB42BB65-5187-4B69-9B71-74FE1FF42DA0} = {C170510F-BBD1-4129-8ADB-EFDD03BE7FCF}
	EndGlobalSection
	GlobalSection(ExtensibilityGlobals) = postSolution
		SolutionGuid = {EF6A381B-AD82-401E-A5E1-BB9D7B467A03}
	EndGlobalSection
EndGlobal
